
Microsoft Visual Studio Solution File, Format Version 12.00
# Visual Studio Version 17
VisualStudioVersion = 17.5.002.0
MinimumVisualStudioVersion = 10.0.40219.1
Project("{9A19103F-16F7-4668-BE54-9A1E7A4F7556}") = "PersonManyToMany", "PersonManyToMany.csproj", "{FAB05194-91F7-435C-B429-0769E5B64782}"
EndProject
Global
	GlobalSection(SolutionConfigurationPlatforms) = preSolution
		Debug|Any CPU = Debug|Any CPU
		Release|Any CPU = Release|Any CPU
	EndGlobalSection
	GlobalSection(ProjectConfigurationPlatforms) = postSolution
		{FAB05194-91F7-435C-B429-0769E5B64782}.Debug|Any CPU.ActiveCfg = Debug|Any CPU
		{FAB05194-91F7-435C-B429-0769E5B64782}.Debug|Any CPU.Build.0 = Debug|Any CPU
		{FAB05194-91F7-435C-B429-0769E5B64782}.Release|Any CPU.ActiveCfg = Release|Any CPU
		{FAB05194-91F7-435C-B429-0769E5B64782}.Release|Any CPU.Build.0 = Release|Any CPU
	EndGlobalSection
	GlobalSection(SolutionProperties) = preSolution
		HideSolutionNode = FALSE
	EndGlobalSection
	GlobalSection(ExtensibilityGlobals) = postSolution
		SolutionGuid = {A4095A96-084D-42A5-948B-7A727A47A5BA}
	EndGlobalSection
EndGlobal
